
Microsoft Visual Studio Solution File, Format Version 12.00
# Visual Studio Version 16
VisualStudioVersion = 16.0.30517.126
MinimumVisualStudioVersion = 10.0.40219.1
Project("{8BC9CEB8-8B4A-11D0-8D11-00A0C91BC942}") = "Lab1", "Lab1\Lab1.vcxproj", "{3EDE2125-6840-4092-AB80-0DE77A2B2647}"
EndProject
Project("{8BC9CEB8-8B4A-11D0-8D11-00A0C91BC942}") = "Lab2", "Lab2\Lab2.vcxproj", "{2DB2578A-EDA7-417A-8037-B4DE6D909C52}"
EndProject
Project("{8BC9CEB8-8B4A-11D0-8D11-00A0C91BC942}") = "Lab3.1", "Lab3.1\Lab3.1.vcxproj", "{CC091103-7894-46E3-86EC-FA9DEB0BF400}"
EndProject
Project("{8BC9CEB8-8B4A-11D0-8D11-00A0C91BC942}") = "Lab3.2", "Lab3.2\Lab3.2.vcxproj", "{65D62FBF-C396-4913-A49A-492CD48B7560}"
EndProject
Project("{8BC9CEB8-8B4A-11D0-8D11-00A0C91BC942}") = "Lab4.1", "Lab4.1\Lab4.1.vcxproj", "{AABE0B00-22FD-4538-A4F9-8ACF6E135586}"
EndProject
Project("{8BC9CEB8-8B4A-11D0-8D11-00A0C91BC942}") = "Lab4.2", "Lab4.2\Lab4.2.vcxproj", "{9C210120-808B-4F43-A386-5FE74D0AD2B4}"
EndProject
Project("{8BC9CEB8-8B4A-11D0-8D11-00A0C91BC942}") = "Lab5.1", "Lab5.1\Lab5.1.vcxproj", "{C976BC50-F7BB-467B-AE28-5EEF4D44F408}"
EndProject
Project("{8BC9CEB8-8B4A-11D0-8D11-00A0C91BC942}") = "Lab5.2", "Lab5.2\Lab5.2.vcxproj", "{C820BABE-2C4F-40DB-A868-07C9382056EE}"
EndProject
Project("{8BC9CEB8-8B4A-11D0-8D11-00A0C91BC942}") = "Lab5.3", "Lab5.3\Lab5.3.vcxproj", "{BA7D7AB1-5A03-4D48-AC48-24E4A9D9BD9D}"
EndProject
Project("{8BC9CEB8-8B4A-11D0-8D11-00A0C91BC942}") = "Lab5.4", "Lab5.4\Lab5.4.vcxproj", "{D060DD5A-1194-4D51-B69F-1DC79D140326}"
EndProject
Project("{8BC9CEB8-8B4A-11D0-8D11-00A0C91BC942}") = "Lab6.1", "Lab6.1\Lab6.1.vcxproj", "{39317E24-E73F-457C-AB04-36C9AB3691C1}"
EndProject
Project("{8BC9CEB8-8B4A-11D0-8D11-00A0C91BC942}") = "Lab6.2", "Lab6.2\Lab6.2.vcxproj", "{073B0DB4-FD68-4C93-AA12-EED28C38C414}"
EndProject
Project("{8BC9CEB8-8B4A-11D0-8D11-00A0C91BC942}") = "Lab6.3", "Lab6.3\Lab6.3.vcxproj", "{041B782E-A792-4793-A0B9-4F28E361A300}"
EndProject
Project("{8BC9CEB8-8B4A-11D0-8D11-00A0C91BC942}") = "Lab6.4", "Lab6.4\Lab6.4.vcxproj", "{DD477AB8-8E5E-4E95-A6F1-9AC644FA6F4B}"
EndProject
Project("{8BC9CEB8-8B4A-11D0-8D11-00A0C91BC942}") = "Lab6.5", "Lab6.5\Lab6.5.vcxproj", "{BA0DCABC-1C22-4906-A1D1-9CEEA17F858A}"
EndProject
Project("{8BC9CEB8-8B4A-11D0-8D11-00A0C91BC942}") = "Lab7.1", "Lab7.1\Lab7.1.vcxproj", "{D435F9D7-3AA7-4746-B8FE-603F982EC72A}"
EndProject
Project("{8BC9CEB8-8B4A-11D0-8D11-00A0C91BC942}") = "Lab7.2", "Lab7.2\Lab7.2.vcxproj", "{E87971FB-A912-4C0E-BE0D-6205EAA0D0C1}"
EndProject
Global
	GlobalSection(SolutionConfigurationPlatforms) = preSolution
		Debug|x64 = Debug|x64
		Debug|x86 = Debug|x86
		Release|x64 = Release|x64
		Release|x86 = Release|x86
	EndGlobalSection
	GlobalSection(ProjectConfigurationPlatforms) = postSolution
		{3EDE2125-6840-4092-AB80-0DE77A2B2647}.Debug|x64.ActiveCfg = Debug|x64
		{3EDE2125-6840-4092-AB80-0DE77A2B2647}.Debug|x64.Build.0 = Debug|x64
		{3EDE2125-6840-4092-AB80-0DE77A2B2647}.Debug|x86.ActiveCfg = Debug|Win32
		{3EDE2125-6840-4092-AB80-0DE77A2B2647}.Debug|x86.Build.0 = Debug|Win32
		{3EDE2125-6840-4092-AB80-0DE77A2B2647}.Release|x64.ActiveCfg = Release|x64
		{3EDE2125-6840-4092-AB80-0DE77A2B2647}.Release|x64.Build.0 = Release|x64
		{3EDE2125-6840-4092-AB80-0DE77A2B2647}.Release|x86.ActiveCfg = Release|Win32
		{3EDE2125-6840-4092-AB80-0DE77A2B2647}.Release|x86.Build.0 = Release|Win32
		{2DB2578A-EDA7-417A-8037-B4DE6D909C52}.Debug|x64.ActiveCfg = Debug|x64
		{2DB2578A-EDA7-417A-8037-B4DE6D909C52}.Debug|x64.Build.0 = Debug|x64
		{2DB2578A-EDA7-417A-8037-B4DE6D909C52}.Debug|x86.ActiveCfg = Debug|Win32
		{2DB2578A-EDA7-417A-8037-B4DE6D909C52}.Debug|x86.Build.0 = Debug|Win32
		{2DB2578A-EDA7-417A-8037-B4DE6D909C52}.Release|x64.ActiveCfg = Release|x64
		{2DB2578A-EDA7-417A-8037-B4DE6D909C52}.Release|x64.Build.0 = Release|x64
		{2DB2578A-EDA7-417A-8037-B4DE6D909C52}.Release|x86.ActiveCfg = Release|Win32
		{2DB2578A-EDA7-417A-8037-B4DE6D909C52}.Release|x86.Build.0 = Release|Win32
		{CC091103-7894-46E3-86EC-FA9DEB0BF400}.Debug|x64.ActiveCfg = Debug|x64
		{CC091103-7894-46E3-86EC-FA9DEB0BF400}.Debug|x64.Build.0 = Debug|x64
		{CC091103-7894-46E3-86EC-FA9DEB0BF400}.Debug|x86.ActiveCfg = Debug|Win32
		{CC091103-7894-46E3-86EC-FA9DEB0BF400}.Debug|x86.Build.0 = Debug|Win32
		{CC091103-7894-46E3-86EC-FA9DEB0BF400}.Release|x64.ActiveCfg = Release|x64
		{CC091103-7894-46E3-86EC-FA9DEB0BF400}.Release|x64.Build.0 = Release|x64
		{CC091103-7894-46E3-86EC-FA9DEB0BF400}.Release|x86.ActiveCfg = Release|Win32
		{CC091103-7894-46E3-86EC-FA9DEB0BF400}.Release|x86.Build.0 = Release|Win32
		{65D62FBF-C396-4913-A49A-492CD48B7560}.Debug|x64.ActiveCfg = Debug|x64
		{65D62FBF-C396-4913-A49A-492CD48B7560}.Debug|x64.Build.0 = Debug|x64
		{65D62FBF-C396-4913-A49A-492CD48B7560}.Debug|x86.ActiveCfg = Debug|Win32
		{65D62FBF-C396-4913-A49A-492CD48B7560}.Debug|x86.Build.0 = Debug|Win32
		{65D62FBF-C396-4913-A49A-492CD48B7560}.Release|x64.ActiveCfg = Release|x64
		{65D62FBF-C396-4913-A49A-492CD48B7560}.Release|x64.Build.0 = Release|x64
		{65D62FBF-C396-4913-A49A-492CD48B7560}.Release|x86.ActiveCfg = Release|Win32
		{65D62FBF-C396-4913-A49A-492CD48B7560}.Release|x86.Build.0 = Release|Win32
		{AABE0B00-22FD-4538-A4F9-8ACF6E135586}.Debug|x64.ActiveCfg = Debug|x64
		{AABE0B00-22FD-4538-A4F9-8ACF6E135586}.Debug|x64.Build.0 = Debug|x64
		{AABE0B00-22FD-4538-A4F9-8ACF6E135586}.Debug|x86.ActiveCfg = Debug|Win32
		{AABE0B00-22FD-4538-A4F9-8ACF6E135586}.Debug|x86.Build.0 = Debug|Win32
		{AABE0B00-22FD-4538-A4F9-8ACF6E135586}.Release|x64.ActiveCfg = Release|x64
		{AABE0B00-22FD-4538-A4F9-8ACF6E135586}.Release|x64.Build.0 = Release|x64
		{AABE0B00-22FD-4538-A4F9-8ACF6E135586}.Release|x86.ActiveCfg = Release|Win32
		{AABE0B00-22FD-4538-A4F9-8ACF6E135586}.Release|x86.Build.0 = Release|Win32
		{9C210120-808B-4F43-A386-5FE74D0AD2B4}.Debug|x64.ActiveCfg = Debug|x64
		{9C210120-808B-4F43-A386-5FE74D0AD2B4}.Debug|x64.Build.0 = Debug|x64
		{9C210120-808B-4F43-A386-5FE74D0AD2B4}.Debug|x86.ActiveCfg = Debug|Win32
		{9C210120-808B-4F43-A386-5FE74D0AD2B4}.Debug|x86.Build.0 = Debug|Win32
		{9C210120-808B-4F43-A386-5FE74D0AD2B4}.Release|x64.ActiveCfg = Release|x64
		{9C210120-808B-4F43-A386-5FE74D0AD2B4}.Release|x64.Build.0 = Release|x64
		{9C210120-808B-4F43-A386-5FE74D0AD2B4}.Release|x86.ActiveCfg = Release|Win32
		{9C210120-808B-4F43-A386-5FE74D0AD2B4}.Release|x86.Build.0 = Release|Win32
		{C976BC50-F7BB-467B-AE28-5EEF4D44F408}.Debug|x64.ActiveCfg = Debug|x64
		{C976BC50-F7BB-467B-AE28-5EEF4D44F408}.Debug|x64.Build.0 = Debug|x64
		{C976BC50-F7BB-467B-AE28-5EEF4D44F408}.Debug|x86.ActiveCfg = Debug|Win32
		{C976BC50-F7BB-467B-AE28-5EEF4D44F408}.Debug|x86.Build.0 = Debug|Win32
		{C976BC50-F7BB-467B-AE28-5EEF4D44F408}.Release|x64.ActiveCfg = Release|x64
		{C976BC50-F7BB-467B-AE28-5EEF4D44F408}.Release|x64.Build.0 = Release|x64
		{C976BC50-F7BB-467B-AE28-5EEF4D44F408}.Release|x86.ActiveCfg = Release|Win32
		{C976BC50-F7BB-467B-AE28-5EEF4D44F408}.Release|x86.Build.0 = Release|Win32
		{C820BABE-2C4F-40DB-A868-07C9382056EE}.Debug|x64.ActiveCfg = Debug|x64
		{C820BABE-2C4F-40DB-A868-07C9382056EE}.Debug|x64.Build.0 = Debug|x64
		{C820BABE-2C4F-40DB-A868-07C9382056EE}.Debug|x86.ActiveCfg = Debug|Win32
		{C820BABE-2C4F-40DB-A868-07C9382056EE}.Debug|x86.Build.0 = Debug|Win32
		{C820BABE-2C4F-40DB-A868-07C9382056EE}.Release|x64.ActiveCfg = Release|x64
		{C820BABE-2C4F-40DB-A868-07C9382056EE}.Release|x64.Build.0 = Release|x64
		{C820BABE-2C4F-40DB-A868-07C9382056EE}.Release|x86.ActiveCfg = Release|Win32
		{C820BABE-2C4F-40DB-A868-07C9382056EE}.Release|x86.Build.0 = Release|Win32
		{BA7D7AB1-5A03-4D48-AC48-24E4A9D9BD9D}.Debug|x64.ActiveCfg = Debug|x64
		{BA7D7AB1-5A03-4D48-AC48-24E4A9D9BD9D}.Debug|x64.Build.0 = Debug|x64
		{BA7D7AB1-5A03-4D48-AC48-24E4A9D9BD9D}.Debug|x86.ActiveCfg = Debug|Win32
		{BA7D7AB1-5A03-4D48-AC48-24E4A9D9BD9D}.Debug|x86.Build.0 = Debug|Win32
		{BA7D7AB1-5A03-4D48-AC48-24E4A9D9BD9D}.Release|x64.ActiveCfg = Release|x64
		{BA7D7AB1-5A03-4D48-AC48-24E4A9D9BD9D}.Release|x64.Build.0 = Release|x64
		{BA7D7AB1-5A03-4D48-AC48-24E4A9D9BD9D}.Release|x86.ActiveCfg = Release|Win32
		{BA7D7AB1-5A03-4D48-AC48-24E4A9D9BD9D}.Release|x86.Build.0 = Release|Win32
		{D060DD5A-1194-4D51-B69F-1DC79D140326}.Debug|x64.ActiveCfg = Debug|x64
		{D060DD5A-1194-4D51-B69F-1DC79D140326}.Debug|x64.Build.0 = Debug|x64
		{D060DD5A-1194-4D51-B69F-1DC79D140326}.Debug|x86.ActiveCfg = Debug|Win32
		{D060DD5A-1194-4D51-B69F-1DC79D140326}.Debug|x86.Build.0 = Debug|Win32
		{D060DD5A-1194-4D51-B69F-1DC79D140326}.Release|x64.ActiveCfg = Release|x64
		{D060DD5A-1194-4D51-B69F-1DC79D140326}.Release|x64.Build.0 = Release|x64
		{D060DD5A-1194-4D51-B69F-1DC79D140326}.Release|x86.ActiveCfg = Release|Win32
		{D060DD5A-1194-4D51-B69F-1DC79D140326}.Release|x86.Build.0 = Release|Win32
		{39317E24-E73F-457C-AB04-36C9AB3691C1}.Debug|x64.ActiveCfg = Debug|x64
		{39317E24-E73F-457C-AB04-36C9AB3691C1}.Debug|x64.Build.0 = Debug|x64
		{39317E24-E73F-457C-AB04-36C9AB3691C1}.Debug|x86.ActiveCfg = Debug|Win32
		{39317E24-E73F-457C-AB04-36C9AB3691C1}.Debug|x86.Build.0 = Debug|Win32
		{39317E24-E73F-457C-AB04-36C9AB3691C1}.Release|x64.ActiveCfg = Release|x64
		{39317E24-E73F-457C-AB04-36C9AB3691C1}.Release|x64.Build.0 = Release|x64
		{39317E24-E73F-457C-AB04-36C9AB3691C1}.Release|x86.ActiveCfg = Release|Win32
		{39317E24-E73F-457C-AB04-36C9AB3691C1}.Release|x86.Build.0 = Release|Win32
		{073B0DB4-FD68-4C93-AA12-EED28C38C414}.Debug|x64.ActiveCfg = Debug|x64
		{073B0DB4-FD68-4C93-AA12-EED28C38C414}.Debug|x64.Build.0 = Debug|x64
		{073B0DB4-FD68-4C93-AA12-EED28C38C414}.Debug|x86.ActiveCfg = Debug|Win32
		{073B0DB4-FD68-4C93-AA12-EED28C38C414}.Debug|x86.Build.0 = Debug|Win32
		{073B0DB4-FD68-4C93-AA12-EED28C38C414}.Release|x64.ActiveCfg = Release|x64
		{073B0DB4-FD68-4C93-AA12-EED28C38C414}.Release|x64.Build.0 = Release|x64
		{073B0DB4-FD68-4C93-AA12-EED28C38C414}.Release|x86.ActiveCfg = Release|Win32
		{073B0DB4-FD68-4C93-AA12-EED28C38C414}.Release|x86.Build.0 = Release|Win32
		{041B782E-A792-4793-A0B9-4F28E361A300}.Debug|x64.ActiveCfg = Debug|x64
		{041B782E-A792-4793-A0B9-4F28E361A300}.Debug|x64.Build.0 = Debug|x64
		{041B782E-A792-4793-A0B9-4F28E361A300}.Debug|x86.ActiveCfg = Debug|Win32
		{041B782E-A792-4793-A0B9-4F28E361A300}.Debug|x86.Build.0 = Debug|Win32
		{041B782E-A792-4793-A0B9-4F28E361A300}.Release|x64.ActiveCfg = Release|x64
		{041B782E-A792-4793-A0B9-4F28E361A300}.Release|x64.Build.0 = Release|x64
		{041B782E-A792-4793-A0B9-4F28E361A300}.Release|x86.ActiveCfg = Release|Win32
		{041B782E-A792-4793-A0B9-4F28E361A300}.Release|x86.Build.0 = Release|Win32
		{DD477AB8-8E5E-4E95-A6F1-9AC644FA6F4B}.Debug|x64.ActiveCfg = Debug|x64
		{DD477AB8-8E5E-4E95-A6F1-9AC644FA6F4B}.Debug|x64.Build.0 = Debug|x64
		{DD477AB8-8E5E-4E95-A6F1-9AC644FA6F4B}.Debug|x86.ActiveCfg = Debug|Win32
		{DD477AB8-8E5E-4E95-A6F1-9AC644FA6F4B}.Debug|x86.Build.0 = Debug|Win32
		{DD477AB8-8E5E-4E95-A6F1-9AC644FA6F4B}.Release|x64.ActiveCfg = Release|x64
		{DD477AB8-8E5E-4E95-A6F1-9AC644FA6F4B}.Release|x64.Build.0 = Release|x64
		{DD477AB8-8E5E-4E95-A6F1-9AC644FA6F4B}.Release|x86.ActiveCfg = Release|Win32
		{DD477AB8-8E5E-4E95-A6F1-9AC644FA6F4B}.Release|x86.Build.0 = Release|Win32
		{BA0DCABC-1C22-4906-A1D1-9CEEA17F858A}.Debug|x64.ActiveCfg = Debug|x64
		{BA0DCABC-1C22-4906-A1D1-9CEEA17F858A}.Debug|x64.Build.0 = Debug|x64
		{BA0DCABC-1C22-4906-A1D1-9CEEA17F858A}.Debug|x86.ActiveCfg = Debug|Win32
		{BA0DCABC-1C22-4906-A1D1-9CEEA17F858A}.Debug|x86.Build.0 = Debug|Win32
		{BA0DCABC-1C22-4906-A1D1-9CEEA17F858A}.Release|x64.ActiveCfg = Release|x64
		{BA0DCABC-1C22-4906-A1D1-9CEEA17F858A}.Release|x64.Build.0 = Release|x64
		{BA0DCABC-1C22-4906-A1D1-9CEEA17F858A}.Release|x86.ActiveCfg = Release|Win32
		{BA0DCABC-1C22-4906-A1D1-9CEEA17F858A}.Release|x86.Build.0 = Release|Win32
		{D435F9D7-3AA7-4746-B8FE-603F982EC72A}.Debug|x64.ActiveCfg = Debug|x64
		{D435F9D7-3AA7-4746-B8FE-603F982EC72A}.Debug|x64.Build.0 = Debug|x64
		{D435F9D7-3AA7-4746-B8FE-603F982EC72A}.Debug|x86.ActiveCfg = Debug|Win32
		{D435F9D7-3AA7-4746-B8FE-603F982EC72A}.Debug|x86.Build.0 = Debug|Win32
		{D435F9D7-3AA7-4746-B8FE-603F982EC72A}.Release|x64.ActiveCfg = Release|x64
		{D435F9D7-3AA7-4746-B8FE-603F982EC72A}.Release|x64.Build.0 = Release|x64
		{D435F9D7-3AA7-4746-B8FE-603F982EC72A}.Release|x86.ActiveCfg = Release|Win32
		{D435F9D7-3AA7-4746-B8FE-603F982EC72A}.Release|x86.Build.0 = Release|Win32
		{E87971FB-A912-4C0E-BE0D-6205EAA0D0C1}.Debug|x64.ActiveCfg = Debug|x64
		{E87971FB-A912-4C0E-BE0D-6205EAA0D0C1}.Debug|x64.Build.0 = Debug|x64
		{E87971FB-A912-4C0E-BE0D-6205EAA0D0C1}.Debug|x86.ActiveCfg = Debug|Win32
		{E87971FB-A912-4C0E-BE0D-6205EAA0D0C1}.Debug|x86.Build.0 = Debug|Win32
		{E87971FB-A912-4C0E-BE0D-6205EAA0D0C1}.Release|x64.ActiveCfg = Release|x64
		{E87971FB-A912-4C0E-BE0D-6205EAA0D0C1}.Release|x64.Build.0 = Release|x64
		{E87971FB-A912-4C0E-BE0D-6205EAA0D0C1}.Release|x86.ActiveCfg = Release|Win32
		{E87971FB-A912-4C0E-BE0D-6205EAA0D0C1}.Release|x86.Build.0 = Release|Win32
	EndGlobalSection
	GlobalSection(SolutionProperties) = preSolution
		HideSolutionNode = FALSE
	EndGlobalSection
	GlobalSection(ExtensibilityGlobals) = postSolution
		SolutionGuid = {47592E6D-AFD9-4CD0-AE9F-B65C9680E69D}
	EndGlobalSection
EndGlobal
